
Microsoft Visual Studio Solution File, Format Version 12.00
# Visual Studio Version 17
VisualStudioVersion = 17.13.35818.85
MinimumVisualStudioVersion = 10.0.40219.1
Project("{FAE04EC0-301F-11D3-BF4B-00C04F79EFBC}") = "MVVM", "MVVM\MVVM.csproj", "{CC41F92D-DC03-47E0-BCA7-B6ED9A53FD70}"
EndProject
Project("{FAE04EC0-301F-11D3-BF4B-00C04F79EFBC}") = "MAUIAPI", "MAUIAPI\MAUIAPI.csproj", "{C3A613A2-923E-48AA-A132-DBE92D31ECF3}"
EndProject
Global
	GlobalSection(SolutionConfigurationPlatforms) = preSolution
		Debug|Any CPU = Debug|Any CPU
		Release|Any CPU = Release|Any CPU
	EndGlobalSection
	GlobalSection(ProjectConfigurationPlatforms) = postSolution
		{CC41F92D-DC03-47E0-BCA7-B6ED9A53FD70}.Debug|Any CPU.ActiveCfg = Debug|Any CPU
		{CC41F92D-DC03-47E0-BCA7-B6ED9A53FD70}.Debug|Any CPU.Build.0 = Debug|Any CPU
		{CC41F92D-DC03-47E0-BCA7-B6ED9A53FD70}.Debug|Any CPU.Deploy.0 = Debug|Any CPU
		{CC41F92D-DC03-47E0-BCA7-B6ED9A53FD70}.Release|Any CPU.ActiveCfg = Release|Any CPU
		{CC41F92D-DC03-47E0-BCA7-B6ED9A53FD70}.Release|Any CPU.Build.0 = Release|Any CPU
		{CC41F92D-DC03-47E0-BCA7-B6ED9A53FD70}.Release|Any CPU.Deploy.0 = Release|Any CPU
		{C3A613A2-923E-48AA-A132-DBE92D31ECF3}.Debug|Any CPU.ActiveCfg = Debug|Any CPU
		{C3A613A2-923E-48AA-A132-DBE92D31ECF3}.Debug|Any CPU.Build.0 = Debug|Any CPU
		{C3A613A2-923E-48AA-A132-DBE92D31ECF3}.Release|Any CPU.ActiveCfg = Release|Any CPU
		{C3A613A2-923E-48AA-A132-DBE92D31ECF3}.Release|Any CPU.Build.0 = Release|Any CPU
	EndGlobalSection
	GlobalSection(SolutionProperties) = preSolution
		HideSolutionNode = FALSE
	EndGlobalSection
	GlobalSection(ExtensibilityGlobals) = postSolution
		SolutionGuid = {6DF48428-8F7C-4F90-8D86-86A87E0FC6A9}
	EndGlobalSection
EndGlobal
