
Microsoft Visual Studio Solution File, Format Version 12.00
# Visual Studio Version 17
VisualStudioVersion = 17.13.35818.85
MinimumVisualStudioVersion = 10.0.40219.1
Project("{FAE04EC0-301F-11D3-BF4B-00C04F79EFBC}") = "MVVM_SQL", "MVVM_SQL.csproj", "{3762AE1F-C966-4C31-AA40-9252F0C08CBF}"
EndProject
Project("{FAE04EC0-301F-11D3-BF4B-00C04F79EFBC}") = "MauiApi", "..\MauiApi\MauiApi.csproj", "{E3B5C517-C6CD-E505-E305-F57014751655}"
EndProject
Global
	GlobalSection(SolutionConfigurationPlatforms) = preSolution
		Debug|Any CPU = Debug|Any CPU
		Release|Any CPU = Release|Any CPU
	EndGlobalSection
	GlobalSection(ProjectConfigurationPlatforms) = postSolution
		{3762AE1F-C966-4C31-AA40-9252F0C08CBF}.Debug|Any CPU.ActiveCfg = Debug|Any CPU
		{3762AE1F-C966-4C31-AA40-9252F0C08CBF}.Debug|Any CPU.Build.0 = Debug|Any CPU
		{3762AE1F-C966-4C31-AA40-9252F0C08CBF}.Debug|Any CPU.Deploy.0 = Debug|Any CPU
		{3762AE1F-C966-4C31-AA40-9252F0C08CBF}.Release|Any CPU.ActiveCfg = Release|Any CPU
		{3762AE1F-C966-4C31-AA40-9252F0C08CBF}.Release|Any CPU.Build.0 = Release|Any CPU
		{3762AE1F-C966-4C31-AA40-9252F0C08CBF}.Release|Any CPU.Deploy.0 = Release|Any CPU
		{E3B5C517-C6CD-E505-E305-F57014751655}.Debug|Any CPU.ActiveCfg = Debug|Any CPU
		{E3B5C517-C6CD-E505-E305-F57014751655}.Debug|Any CPU.Build.0 = Debug|Any CPU
		{E3B5C517-C6CD-E505-E305-F57014751655}.Release|Any CPU.ActiveCfg = Release|Any CPU
		{E3B5C517-C6CD-E505-E305-F57014751655}.Release|Any CPU.Build.0 = Release|Any CPU
	EndGlobalSection
	GlobalSection(SolutionProperties) = preSolution
		HideSolutionNode = FALSE
	EndGlobalSection
	GlobalSection(ExtensibilityGlobals) = postSolution
		SolutionGuid = {266D588E-8F74-43FC-B810-A76B46E65B0C}
	EndGlobalSection
EndGlobal
